
Microsoft Visual Studio Solution File, Format Version 12.00
# Visual Studio Version 16
VisualStudioVersion = 16.0.31019.35
MinimumVisualStudioVersion = 10.0.40219.1
Project("{9A19103F-16F7-4668-BE54-9A1E7A4F7556}") = "NUnitTestProject1", "NUnitTestProject1\NUnitTestProject1.csproj", "{8CF36C1D-1D39-4650-8F20-3ED6559E68FA}"
EndProject
Project("{FAE04EC0-301F-11D3-BF4B-00C04F79EFBC}") = "CinemaFunctions", "CinemaFunctions\CinemaFunctions.csproj", "{A3286036-01E7-4199-967E-7D629BC8BEBA}"
EndProject
Global
	GlobalSection(SolutionConfigurationPlatforms) = preSolution
		Debug|Any CPU = Debug|Any CPU
		Release|Any CPU = Release|Any CPU
	EndGlobalSection
	GlobalSection(ProjectConfigurationPlatforms) = postSolution
		{8CF36C1D-1D39-4650-8F20-3ED6559E68FA}.Debug|Any CPU.ActiveCfg = Debug|Any CPU
		{8CF36C1D-1D39-4650-8F20-3ED6559E68FA}.Debug|Any CPU.Build.0 = Debug|Any CPU
		{8CF36C1D-1D39-4650-8F20-3ED6559E68FA}.Release|Any CPU.ActiveCfg = Release|Any CPU
		{8CF36C1D-1D39-4650-8F20-3ED6559E68FA}.Release|Any CPU.Build.0 = Release|Any CPU
		{A3286036-01E7-4199-967E-7D629BC8BEBA}.Debug|Any CPU.ActiveCfg = Debug|Any CPU
		{A3286036-01E7-4199-967E-7D629BC8BEBA}.Debug|Any CPU.Build.0 = Debug|Any CPU
		{A3286036-01E7-4199-967E-7D629BC8BEBA}.Release|Any CPU.ActiveCfg = Release|Any CPU
		{A3286036-01E7-4199-967E-7D629BC8BEBA}.Release|Any CPU.Build.0 = Release|Any CPU
	EndGlobalSection
	GlobalSection(SolutionProperties) = preSolution
		HideSolutionNode = FALSE
	EndGlobalSection
	GlobalSection(ExtensibilityGlobals) = postSolution
		SolutionGuid = {E27096DF-1365-4DA9-947F-D294DEF7C715}
	EndGlobalSection
EndGlobal
